
Microsoft Visual Studio Solution File, Format Version 12.00
# Visual Studio Version 16
VisualStudioVersion = 16.0.28803.352
MinimumVisualStudioVersion = 10.0.40219.1
Project("{FAE04EC0-301F-11D3-BF4B-00C04F79EFBC}") = "ConsoleApp40", "ConsoleApp40\ConsoleApp40.csproj", "{68510341-40AF-4B09-A73F-EE489C6A243E}"
EndProject
Global
	GlobalSection(SolutionConfigurationPlatforms) = preSolution
		Debug|Any CPU = Debug|Any CPU
		Release|Any CPU = Release|Any CPU
	EndGlobalSection
	GlobalSection(ProjectConfigurationPlatforms) = postSolution
		{68510341-40AF-4B09-A73F-EE489C6A243E}.Debug|Any CPU.ActiveCfg = Debug|Any CPU
		{68510341-40AF-4B09-A73F-EE489C6A243E}.Debug|Any CPU.Build.0 = Debug|Any CPU
		{68510341-40AF-4B09-A73F-EE489C6A243E}.Release|Any CPU.ActiveCfg = Release|Any CPU
		{68510341-40AF-4B09-A73F-EE489C6A243E}.Release|Any CPU.Build.0 = Release|Any CPU
	EndGlobalSection
	GlobalSection(SolutionProperties) = preSolution
		HideSolutionNode = FALSE
	EndGlobalSection
	GlobalSection(ExtensibilityGlobals) = postSolution
		SolutionGuid = {947E8DDE-6CFA-40C5-B7D5-018C4587C634}
	EndGlobalSection
EndGlobal
